
Microsoft Visual Studio Solution File, Format Version 12.00
# Visual Studio 2013
VisualStudioVersion = 12.0.21005.1
MinimumVisualStudioVersion = 10.0.40219.1
Project("{FAE04EC0-301F-11D3-BF4B-00C04F79EFBC}") = "Vista", "Vista\Vista.csproj", "{A98A609F-0A54-4577-BA15-3C75C0F10960}"
EndProject
Project("{FAE04EC0-301F-11D3-BF4B-00C04F79EFBC}") = "Modelos", "Modelos\Modelos.csproj", "{12E759C6-8712-4D18-87BE-ACCDADA915D6}"
EndProject
Project("{FAE04EC0-301F-11D3-BF4B-00C04F79EFBC}") = "Datos", "Datos\Datos.csproj", "{99D7E78B-F2A7-475D-B7D7-1F65A207F183}"
EndProject
Project("{FAE04EC0-301F-11D3-BF4B-00C04F79EFBC}") = "Controladores", "Controladores\Controladores.csproj", "{92ACA64E-00EE-448F-988F-F1041AC5F3CF}"
EndProject
Project("{FAE04EC0-301F-11D3-BF4B-00C04F79EFBC}") = "ConsoleTest", "ConsoleTest\ConsoleTest.csproj", "{6D3189AC-F9E8-48B7-BA21-DEBA70686D88}"
EndProject
Project("{FAE04EC0-301F-11D3-BF4B-00C04F79EFBC}") = "LibreriaClasesCompartidas", "LibreriaClasesCompartidas\LibreriaClasesCompartidas.csproj", "{0DC2A9CE-CE0F-45B6-B7EB-5A107EC21E2D}"
EndProject
Project("{FAE04EC0-301F-11D3-BF4B-00C04F79EFBC}") = "Reportes", "Reportes\Reportes.csproj", "{0B3BA28C-F763-48FB-B4ED-A322BE87A4A8}"
EndProject
Global
	GlobalSection(SolutionConfigurationPlatforms) = preSolution
		Debug|Any CPU = Debug|Any CPU
		Release|Any CPU = Release|Any CPU
	EndGlobalSection
	GlobalSection(ProjectConfigurationPlatforms) = postSolution
		{A98A609F-0A54-4577-BA15-3C75C0F10960}.Debug|Any CPU.ActiveCfg = Debug|Any CPU
		{A98A609F-0A54-4577-BA15-3C75C0F10960}.Debug|Any CPU.Build.0 = Debug|Any CPU
		{A98A609F-0A54-4577-BA15-3C75C0F10960}.Release|Any CPU.ActiveCfg = Release|Any CPU
		{A98A609F-0A54-4577-BA15-3C75C0F10960}.Release|Any CPU.Build.0 = Release|Any CPU
		{12E759C6-8712-4D18-87BE-ACCDADA915D6}.Debug|Any CPU.ActiveCfg = Debug|Any CPU
		{12E759C6-8712-4D18-87BE-ACCDADA915D6}.Debug|Any CPU.Build.0 = Debug|Any CPU
		{12E759C6-8712-4D18-87BE-ACCDADA915D6}.Release|Any CPU.ActiveCfg = Release|Any CPU
		{12E759C6-8712-4D18-87BE-ACCDADA915D6}.Release|Any CPU.Build.0 = Release|Any CPU
		{99D7E78B-F2A7-475D-B7D7-1F65A207F183}.Debug|Any CPU.ActiveCfg = Debug|Any CPU
		{99D7E78B-F2A7-475D-B7D7-1F65A207F183}.Debug|Any CPU.Build.0 = Debug|Any CPU
		{99D7E78B-F2A7-475D-B7D7-1F65A207F183}.Release|Any CPU.ActiveCfg = Release|Any CPU
		{99D7E78B-F2A7-475D-B7D7-1F65A207F183}.Release|Any CPU.Build.0 = Release|Any CPU
		{92ACA64E-00EE-448F-988F-F1041AC5F3CF}.Debug|Any CPU.ActiveCfg = Debug|Any CPU
		{92ACA64E-00EE-448F-988F-F1041AC5F3CF}.Debug|Any CPU.Build.0 = Debug|Any CPU
		{92ACA64E-00EE-448F-988F-F1041AC5F3CF}.Release|Any CPU.ActiveCfg = Release|Any CPU
		{92ACA64E-00EE-448F-988F-F1041AC5F3CF}.Release|Any CPU.Build.0 = Release|Any CPU
		{6D3189AC-F9E8-48B7-BA21-DEBA70686D88}.Debug|Any CPU.ActiveCfg = Debug|Any CPU
		{6D3189AC-F9E8-48B7-BA21-DEBA70686D88}.Release|Any CPU.ActiveCfg = Release|Any CPU
		{6D3189AC-F9E8-48B7-BA21-DEBA70686D88}.Release|Any CPU.Build.0 = Release|Any CPU
		{0DC2A9CE-CE0F-45B6-B7EB-5A107EC21E2D}.Debug|Any CPU.ActiveCfg = Debug|Any CPU
		{0DC2A9CE-CE0F-45B6-B7EB-5A107EC21E2D}.Debug|Any CPU.Build.0 = Debug|Any CPU
		{0DC2A9CE-CE0F-45B6-B7EB-5A107EC21E2D}.Release|Any CPU.ActiveCfg = Release|Any CPU
		{0DC2A9CE-CE0F-45B6-B7EB-5A107EC21E2D}.Release|Any CPU.Build.0 = Release|Any CPU
		{0B3BA28C-F763-48FB-B4ED-A322BE87A4A8}.Debug|Any CPU.ActiveCfg = Debug|Any CPU
		{0B3BA28C-F763-48FB-B4ED-A322BE87A4A8}.Debug|Any CPU.Build.0 = Debug|Any CPU
		{0B3BA28C-F763-48FB-B4ED-A322BE87A4A8}.Release|Any CPU.ActiveCfg = Release|Any CPU
		{0B3BA28C-F763-48FB-B4ED-A322BE87A4A8}.Release|Any CPU.Build.0 = Release|Any CPU
	EndGlobalSection
	GlobalSection(SolutionProperties) = preSolution
		HideSolutionNode = FALSE
	EndGlobalSection
EndGlobal
